
Microsoft Visual Studio Solution File, Format Version 12.00
# Visual Studio Version 16
VisualStudioVersion = 16.0.29613.14
MinimumVisualStudioVersion = 10.0.40219.1
Project("{FAE04EC0-301F-11D3-BF4B-00C04F79EFBC}") = "RagiFiler", "RagiFiler\RagiFiler.csproj", "{B2766153-1B82-4442-AB40-DAAE545231AD}"
EndProject
Global
	GlobalSection(SolutionConfigurationPlatforms) = preSolution
		Debug|Any CPU = Debug|Any CPU
		Release|Any CPU = Release|Any CPU
	EndGlobalSection
	GlobalSection(ProjectConfigurationPlatforms) = postSolution
		{B2766153-1B82-4442-AB40-DAAE545231AD}.Debug|Any CPU.ActiveCfg = Debug|Any CPU
		{B2766153-1B82-4442-AB40-DAAE545231AD}.Debug|Any CPU.Build.0 = Debug|Any CPU
		{B2766153-1B82-4442-AB40-DAAE545231AD}.Release|Any CPU.ActiveCfg = Release|Any CPU
		{B2766153-1B82-4442-AB40-DAAE545231AD}.Release|Any CPU.Build.0 = Release|Any CPU
	EndGlobalSection
	GlobalSection(SolutionProperties) = preSolution
		HideSolutionNode = FALSE
	EndGlobalSection
	GlobalSection(ExtensibilityGlobals) = postSolution
		SolutionGuid = {E984A95E-9995-4417-A2C3-C478DCA1B608}
	EndGlobalSection
EndGlobal
